# THIS IS AN AUTOGENERATED FILE. DO NOT EDIT THIS FILE DIRECTLY.
# yarn lockfile v1


"@colyseus/schema@^1.0.24":
  version "1.0.24"
  resolved "https://registry.nlark.com/@colyseus/schema/download/@colyseus/schema-1.0.24.tgz#6e21390365949ecbd720a0dac76ffb73db4eeecb"
  integrity sha1-biE5A2WUnsvXIKDax2/7c9tO7ss=

tslib@^2.2.0:
  version "2.2.0"
  resolved "https://registry.npm.taobao.org/tslib/download/tslib-2.2.0.tgz?cache=0&sync_timestamp=1617647331485&other_urls=https%3A%2F%2Fregistry.npm.taobao.org%2Ftslib%2Fdownload%2Ftslib-2.2.0.tgz#fb2c475977e35e241311ede2693cee1ec6698f5c"
  integrity sha1-+yxHWXfjXiQTEe3iaTzuHsZpj1w=
